
Microsoft Visual Studio Solution File, Format Version 12.00
# Visual Studio Version 16
VisualStudioVersion = 16.0.30717.126
MinimumVisualStudioVersion = 10.0.40219.1
Project("{8BC9CEB8-8B4A-11D0-8D11-00A0C91BC942}") = "OctTree_cache_compact", "OctTree_cache_compact.vcxproj", "{3D695F0D-363C-4B64-BA8C-EE1511B6EC93}"
EndProject
Global
	GlobalSection(SolutionConfigurationPlatforms) = preSolution
		Debug|x64 = Debug|x64
		Debug|x86 = Debug|x86
		Release|x64 = Release|x64
		Release|x86 = Release|x86
	EndGlobalSection
	GlobalSection(ProjectConfigurationPlatforms) = postSolution
		{3D695F0D-363C-4B64-BA8C-EE1511B6EC93}.Debug|x64.ActiveCfg = Debug|x64
		{3D695F0D-363C-4B64-BA8C-EE1511B6EC93}.Debug|x64.Build.0 = Debug|x64
		{3D695F0D-363C-4B64-BA8C-EE1511B6EC93}.Debug|x86.ActiveCfg = Debug|Win32
		{3D695F0D-363C-4B64-BA8C-EE1511B6EC93}.Debug|x86.Build.0 = Debug|Win32
		{3D695F0D-363C-4B64-BA8C-EE1511B6EC93}.Release|x64.ActiveCfg = Release|x64
		{3D695F0D-363C-4B64-BA8C-EE1511B6EC93}.Release|x64.Build.0 = Release|x64
		{3D695F0D-363C-4B64-BA8C-EE1511B6EC93}.Release|x86.ActiveCfg = Release|Win32
		{3D695F0D-363C-4B64-BA8C-EE1511B6EC93}.Release|x86.Build.0 = Release|Win32
	EndGlobalSection
	GlobalSection(SolutionProperties) = preSolution
		HideSolutionNode = FALSE
	EndGlobalSection
	GlobalSection(ExtensibilityGlobals) = postSolution
		SolutionGuid = {F7099BEB-46F5-4643-BCFE-99D669BC6B36}
	EndGlobalSection
EndGlobal
